
Microsoft Visual Studio Solution File, Format Version 12.00
# Visual Studio Version 17
VisualStudioVersion = 17.7.34031.279
MinimumVisualStudioVersion = 10.0.40219.1
Project("{FAE04EC0-301F-11D3-BF4B-00C04F79EFBC}") = "RetrieveStudentDataAssignment", "RetrieveStudentDataAssignment\RetrieveStudentDataAssignment.csproj", "{94DA4B45-14A3-4292-B29E-BBAFE1A7ADCF}"
EndProject
Global
	GlobalSection(SolutionConfigurationPlatforms) = preSolution
		Debug|Any CPU = Debug|Any CPU
		Release|Any CPU = Release|Any CPU
	EndGlobalSection
	GlobalSection(ProjectConfigurationPlatforms) = postSolution
		{94DA4B45-14A3-4292-B29E-BBAFE1A7ADCF}.Debug|Any CPU.ActiveCfg = Debug|Any CPU
		{94DA4B45-14A3-4292-B29E-BBAFE1A7ADCF}.Debug|Any CPU.Build.0 = Debug|Any CPU
		{94DA4B45-14A3-4292-B29E-BBAFE1A7ADCF}.Release|Any CPU.ActiveCfg = Release|Any CPU
		{94DA4B45-14A3-4292-B29E-BBAFE1A7ADCF}.Release|Any CPU.Build.0 = Release|Any CPU
	EndGlobalSection
	GlobalSection(SolutionProperties) = preSolution
		HideSolutionNode = FALSE
	EndGlobalSection
	GlobalSection(ExtensibilityGlobals) = postSolution
		SolutionGuid = {46D292D4-1046-4A57-9296-10E3A798A43C}
	EndGlobalSection
EndGlobal
